
Microsoft Visual Studio Solution File, Format Version 12.00
# Visual Studio Version 17
VisualStudioVersion = 17.8.34330.188
MinimumVisualStudioVersion = 10.0.40219.1
Project("{FAE04EC0-301F-11D3-BF4B-00C04F79EFBC}") = "BlazorApp20.Client", "BlazorApp20.Client\BlazorApp20.Client.csproj", "{97F4AA15-D112-4CCF-A25C-BF9783928966}"
EndProject
Project("{FAE04EC0-301F-11D3-BF4B-00C04F79EFBC}") = "BlazorApp20.Api", "BlazorApp20.Api\BlazorApp20.Api.csproj", "{7244750C-F1E8-473A-81E3-BD2070C30FF5}"
EndProject
Project("{FAE04EC0-301F-11D3-BF4B-00C04F79EFBC}") = "BlazorApp20.Shared", "BlazorApp20.Shared\BlazorApp20.Shared.csproj", "{4FD758E6-79FA-43CF-A9C5-6F6F7A31853A}"
EndProject
Global
	GlobalSection(SolutionConfigurationPlatforms) = preSolution
		Debug|Any CPU = Debug|Any CPU
		Release|Any CPU = Release|Any CPU
	EndGlobalSection
	GlobalSection(ProjectConfigurationPlatforms) = postSolution
		{97F4AA15-D112-4CCF-A25C-BF9783928966}.Debug|Any CPU.ActiveCfg = Debug|Any CPU
		{97F4AA15-D112-4CCF-A25C-BF9783928966}.Debug|Any CPU.Build.0 = Debug|Any CPU
		{97F4AA15-D112-4CCF-A25C-BF9783928966}.Release|Any CPU.ActiveCfg = Release|Any CPU
		{97F4AA15-D112-4CCF-A25C-BF9783928966}.Release|Any CPU.Build.0 = Release|Any CPU
		{7244750C-F1E8-473A-81E3-BD2070C30FF5}.Debug|Any CPU.ActiveCfg = Debug|Any CPU
		{7244750C-F1E8-473A-81E3-BD2070C30FF5}.Debug|Any CPU.Build.0 = Debug|Any CPU
		{7244750C-F1E8-473A-81E3-BD2070C30FF5}.Release|Any CPU.ActiveCfg = Release|Any CPU
		{7244750C-F1E8-473A-81E3-BD2070C30FF5}.Release|Any CPU.Build.0 = Release|Any CPU
		{4FD758E6-79FA-43CF-A9C5-6F6F7A31853A}.Debug|Any CPU.ActiveCfg = Debug|Any CPU
		{4FD758E6-79FA-43CF-A9C5-6F6F7A31853A}.Debug|Any CPU.Build.0 = Debug|Any CPU
		{4FD758E6-79FA-43CF-A9C5-6F6F7A31853A}.Release|Any CPU.ActiveCfg = Release|Any CPU
		{4FD758E6-79FA-43CF-A9C5-6F6F7A31853A}.Release|Any CPU.Build.0 = Release|Any CPU
	EndGlobalSection
	GlobalSection(SolutionProperties) = preSolution
		HideSolutionNode = FALSE
	EndGlobalSection
	GlobalSection(ExtensibilityGlobals) = postSolution
		SolutionGuid = {5A97A377-D1BB-4398-90C1-258C98171072}
	EndGlobalSection
EndGlobal
